
Microsoft Visual Studio Solution File, Format Version 12.00
# Visual Studio Version 17
VisualStudioVersion = 17.6.33717.318
MinimumVisualStudioVersion = 10.0.40219.1
Project("{2150E333-8FDC-42A3-9474-1A3956D46DE8}") = "src", "src", "{8B8DF36F-97E4-42EC-83B5-565F3D054961}"
EndProject
Project("{2150E333-8FDC-42A3-9474-1A3956D46DE8}") = "Solution Items", "Solution Items", "{A5C4FCE8-ABEE-45F4-B46C-E7CC2054DEB4}"
	ProjectSection(SolutionItems) = preProject
		ServiceUrls.txt = ServiceUrls.txt
	EndProjectSection
EndProject
Project("{2150E333-8FDC-42A3-9474-1A3956D46DE8}") = "ApiGateways", "ApiGateways", "{532A3FC4-81FE-4821-931F-7C6231339255}"
EndProject
Project("{2150E333-8FDC-42A3-9474-1A3956D46DE8}") = "BuildingBlocks", "BuildingBlocks", "{A3030EC2-8410-4CFF-8136-197D062DF916}"
EndProject
Project("{2150E333-8FDC-42A3-9474-1A3956D46DE8}") = "Services", "Services", "{A76392AD-427D-482F-A841-794C811429C3}"
EndProject
Project("{2150E333-8FDC-42A3-9474-1A3956D46DE8}") = "Clients", "Clients", "{05C4A896-57D1-4B5B-AAF6-72C34DFC2F23}"
EndProject
Project("{2150E333-8FDC-42A3-9474-1A3956D46DE8}") = "WebApiGateways", "WebApiGateways", "{EBE2EA8C-6C8F-4BAB-A9E9-C0BED19E0718}"
EndProject
Project("{FAE04EC0-301F-11D3-BF4B-00C04F79EFBC}") = "Web.ApiGateway", "src\ApiGateways\WebApiGateways\Web.ApiGateway\Web.ApiGateway.csproj", "{8CD47271-41CF-4EDF-9390-9639723822FA}"
EndProject
Project("{2150E333-8FDC-42A3-9474-1A3956D46DE8}") = "EventBus", "EventBus", "{D7F147DF-FD04-4677-BEE2-283ACF5FFB4A}"
EndProject
Project("{FAE04EC0-301F-11D3-BF4B-00C04F79EFBC}") = "EventBus.Base", "src\BuildingBlocks\EventBus\EventBus.Base\EventBus.Base.csproj", "{422DFDD4-EEB6-4890-95B7-21BB640CD820}"
EndProject
Project("{FAE04EC0-301F-11D3-BF4B-00C04F79EFBC}") = "EventBus.Factory", "src\BuildingBlocks\EventBus\EventBus.Factory\EventBus.Factory.csproj", "{B29488AB-ED22-403D-A378-754619B2278F}"
EndProject
Project("{FAE04EC0-301F-11D3-BF4B-00C04F79EFBC}") = "EventBus.AzureServiceBus", "src\BuildingBlocks\EventBus\EventBus.AzureServiceBus\EventBus.AzureServiceBus.csproj", "{41F963BC-BD7D-462A-8811-C19FC6404E90}"
EndProject
Project("{FAE04EC0-301F-11D3-BF4B-00C04F79EFBC}") = "EventBus.RabbitMQ", "src\BuildingBlocks\EventBus\EventBus.RabbitMQ\EventBus.RabbitMQ.csproj", "{DF6701C0-C756-4019-88AF-B64742BCD3AA}"
EndProject
Project("{2150E333-8FDC-42A3-9474-1A3956D46DE8}") = "BlazorWebApp", "BlazorWebApp", "{7933DB44-1ED8-4FA5-A16B-9A4D9966964B}"
EndProject
Project("{FAE04EC0-301F-11D3-BF4B-00C04F79EFBC}") = "WebApp", "src\Clients\BlazorWebApp\WebApp\WebApp.csproj", "{AB4657C2-5F47-488B-B3B8-CABB50BFAF13}"
EndProject
Project("{2150E333-8FDC-42A3-9474-1A3956D46DE8}") = "BasketService", "BasketService", "{F7BA3C40-7402-49F6-8372-39B78CD04BB7}"
EndProject
Project("{FAE04EC0-301F-11D3-BF4B-00C04F79EFBC}") = "BasketService.Api", "src\Services\BasketService\BasketService.Api\BasketService.Api.csproj", "{2C7E081B-218B-4F8E-BEDE-8739D106B53B}"
EndProject
Project("{2150E333-8FDC-42A3-9474-1A3956D46DE8}") = "CatalogService", "CatalogService", "{2A927B50-7A69-4C00-8AB1-5D8AF94E5073}"
EndProject
Project("{FAE04EC0-301F-11D3-BF4B-00C04F79EFBC}") = "CatalogService.Api", "src\Services\CatalogService\CatalogService.Api\CatalogService.Api.csproj", "{85A9AB37-9489-401A-B4B7-A5843199075E}"
EndProject
Project("{2150E333-8FDC-42A3-9474-1A3956D46DE8}") = "IdentitiyService", "IdentitiyService", "{0B193609-0D66-4214-88ED-975BF7B97DBA}"
EndProject
Project("{FAE04EC0-301F-11D3-BF4B-00C04F79EFBC}") = "IdentityService.Api", "src\Services\Identity Service\IdentityService.Api\IdentityService.Api.csproj", "{FC010498-699A-46DC-98D5-76BFBD994529}"
EndProject
Project("{2150E333-8FDC-42A3-9474-1A3956D46DE8}") = "NotificationService", "NotificationService", "{07E9055B-4632-4969-9257-F0757E627588}"
EndProject
Project("{FAE04EC0-301F-11D3-BF4B-00C04F79EFBC}") = "NotificationService", "src\Services\Notification Service\NotificationService\NotificationService.csproj", "{701F40C7-565F-4264-AB29-DDABBA4E66A2}"
EndProject
Project("{2150E333-8FDC-42A3-9474-1A3956D46DE8}") = "OrderService", "OrderService", "{24B7E1B6-A449-4ED0-B1A7-AA12434FE667}"
EndProject
Project("{FAE04EC0-301F-11D3-BF4B-00C04F79EFBC}") = "OrderService.Domain", "src\Services\Order Service\OrderService.Domain\OrderService.Domain.csproj", "{1B6B942D-C0B9-4831-A5F6-C15F2BC27F8A}"
EndProject
Project("{FAE04EC0-301F-11D3-BF4B-00C04F79EFBC}") = "OrderService.Application", "src\Services\Order Service\OrderService.Application\OrderService.Application.csproj", "{7F93E284-881D-4D62-AA6E-1ACA543D8556}"
EndProject
Project("{FAE04EC0-301F-11D3-BF4B-00C04F79EFBC}") = "OrderService.Infrastructure", "src\Services\Order Service\OrderService.Infrastructure\OrderService.Infrastructure.csproj", "{E54A20A9-7346-4107-9709-7023AB7905D6}"
EndProject
Project("{FAE04EC0-301F-11D3-BF4B-00C04F79EFBC}") = "OrderService.Api", "src\Services\Order Service\OrderService.Api\OrderService.Api.csproj", "{1F24C664-6EE3-4B80-A8D2-461BA06A3B19}"
EndProject
Project("{2150E333-8FDC-42A3-9474-1A3956D46DE8}") = "PaymentService", "PaymentService", "{498BB15D-DF56-4603-85E4-66C2EF5935E8}"
EndProject
Project("{FAE04EC0-301F-11D3-BF4B-00C04F79EFBC}") = "PaymentService.Api", "src\Services\PaymentService\PaymentService.Api\PaymentService.Api.csproj", "{4B4F5DFD-63AA-42A5-A6CB-E72AF824A5B7}"
EndProject
Global
	GlobalSection(SolutionConfigurationPlatforms) = preSolution
		Debug|Any CPU = Debug|Any CPU
		Release|Any CPU = Release|Any CPU
	EndGlobalSection
	GlobalSection(ProjectConfigurationPlatforms) = postSolution
		{8CD47271-41CF-4EDF-9390-9639723822FA}.Debug|Any CPU.ActiveCfg = Debug|Any CPU
		{8CD47271-41CF-4EDF-9390-9639723822FA}.Debug|Any CPU.Build.0 = Debug|Any CPU
		{8CD47271-41CF-4EDF-9390-9639723822FA}.Release|Any CPU.ActiveCfg = Release|Any CPU
		{8CD47271-41CF-4EDF-9390-9639723822FA}.Release|Any CPU.Build.0 = Release|Any CPU
		{422DFDD4-EEB6-4890-95B7-21BB640CD820}.Debug|Any CPU.ActiveCfg = Debug|Any CPU
		{422DFDD4-EEB6-4890-95B7-21BB640CD820}.Debug|Any CPU.Build.0 = Debug|Any CPU
		{422DFDD4-EEB6-4890-95B7-21BB640CD820}.Release|Any CPU.ActiveCfg = Release|Any CPU
		{422DFDD4-EEB6-4890-95B7-21BB640CD820}.Release|Any CPU.Build.0 = Release|Any CPU
		{B29488AB-ED22-403D-A378-754619B2278F}.Debug|Any CPU.ActiveCfg = Debug|Any CPU
		{B29488AB-ED22-403D-A378-754619B2278F}.Debug|Any CPU.Build.0 = Debug|Any CPU
		{B29488AB-ED22-403D-A378-754619B2278F}.Release|Any CPU.ActiveCfg = Release|Any CPU
		{B29488AB-ED22-403D-A378-754619B2278F}.Release|Any CPU.Build.0 = Release|Any CPU
		{41F963BC-BD7D-462A-8811-C19FC6404E90}.Debug|Any CPU.ActiveCfg = Debug|Any CPU
		{41F963BC-BD7D-462A-8811-C19FC6404E90}.Debug|Any CPU.Build.0 = Debug|Any CPU
		{41F963BC-BD7D-462A-8811-C19FC6404E90}.Release|Any CPU.ActiveCfg = Release|Any CPU
		{41F963BC-BD7D-462A-8811-C19FC6404E90}.Release|Any CPU.Build.0 = Release|Any CPU
		{DF6701C0-C756-4019-88AF-B64742BCD3AA}.Debug|Any CPU.ActiveCfg = Debug|Any CPU
		{DF6701C0-C756-4019-88AF-B64742BCD3AA}.Debug|Any CPU.Build.0 = Debug|Any CPU
		{DF6701C0-C756-4019-88AF-B64742BCD3AA}.Release|Any CPU.ActiveCfg = Release|Any CPU
		{DF6701C0-C756-4019-88AF-B64742BCD3AA}.Release|Any CPU.Build.0 = Release|Any CPU
		{AB4657C2-5F47-488B-B3B8-CABB50BFAF13}.Debug|Any CPU.ActiveCfg = Debug|Any CPU
		{AB4657C2-5F47-488B-B3B8-CABB50BFAF13}.Debug|Any CPU.Build.0 = Debug|Any CPU
		{AB4657C2-5F47-488B-B3B8-CABB50BFAF13}.Release|Any CPU.ActiveCfg = Release|Any CPU
		{AB4657C2-5F47-488B-B3B8-CABB50BFAF13}.Release|Any CPU.Build.0 = Release|Any CPU
		{2C7E081B-218B-4F8E-BEDE-8739D106B53B}.Debug|Any CPU.ActiveCfg = Debug|Any CPU
		{2C7E081B-218B-4F8E-BEDE-8739D106B53B}.Debug|Any CPU.Build.0 = Debug|Any CPU
		{2C7E081B-218B-4F8E-BEDE-8739D106B53B}.Release|Any CPU.ActiveCfg = Release|Any CPU
		{2C7E081B-218B-4F8E-BEDE-8739D106B53B}.Release|Any CPU.Build.0 = Release|Any CPU
		{85A9AB37-9489-401A-B4B7-A5843199075E}.Debug|Any CPU.ActiveCfg = Debug|Any CPU
		{85A9AB37-9489-401A-B4B7-A5843199075E}.Debug|Any CPU.Build.0 = Debug|Any CPU
		{85A9AB37-9489-401A-B4B7-A5843199075E}.Release|Any CPU.ActiveCfg = Release|Any CPU
		{85A9AB37-9489-401A-B4B7-A5843199075E}.Release|Any CPU.Build.0 = Release|Any CPU
		{FC010498-699A-46DC-98D5-76BFBD994529}.Debug|Any CPU.ActiveCfg = Debug|Any CPU
		{FC010498-699A-46DC-98D5-76BFBD994529}.Debug|Any CPU.Build.0 = Debug|Any CPU
		{FC010498-699A-46DC-98D5-76BFBD994529}.Release|Any CPU.ActiveCfg = Release|Any CPU
		{FC010498-699A-46DC-98D5-76BFBD994529}.Release|Any CPU.Build.0 = Release|Any CPU
		{701F40C7-565F-4264-AB29-DDABBA4E66A2}.Debug|Any CPU.ActiveCfg = Debug|Any CPU
		{701F40C7-565F-4264-AB29-DDABBA4E66A2}.Debug|Any CPU.Build.0 = Debug|Any CPU
		{701F40C7-565F-4264-AB29-DDABBA4E66A2}.Release|Any CPU.ActiveCfg = Release|Any CPU
		{701F40C7-565F-4264-AB29-DDABBA4E66A2}.Release|Any CPU.Build.0 = Release|Any CPU
		{1B6B942D-C0B9-4831-A5F6-C15F2BC27F8A}.Debug|Any CPU.ActiveCfg = Debug|Any CPU
		{1B6B942D-C0B9-4831-A5F6-C15F2BC27F8A}.Debug|Any CPU.Build.0 = Debug|Any CPU
		{1B6B942D-C0B9-4831-A5F6-C15F2BC27F8A}.Release|Any CPU.ActiveCfg = Release|Any CPU
		{1B6B942D-C0B9-4831-A5F6-C15F2BC27F8A}.Release|Any CPU.Build.0 = Release|Any CPU
		{7F93E284-881D-4D62-AA6E-1ACA543D8556}.Debug|Any CPU.ActiveCfg = Debug|Any CPU
		{7F93E284-881D-4D62-AA6E-1ACA543D8556}.Debug|Any CPU.Build.0 = Debug|Any CPU
		{7F93E284-881D-4D62-AA6E-1ACA543D8556}.Release|Any CPU.ActiveCfg = Release|Any CPU
		{7F93E284-881D-4D62-AA6E-1ACA543D8556}.Release|Any CPU.Build.0 = Release|Any CPU
		{E54A20A9-7346-4107-9709-7023AB7905D6}.Debug|Any CPU.ActiveCfg = Debug|Any CPU
		{E54A20A9-7346-4107-9709-7023AB7905D6}.Debug|Any CPU.Build.0 = Debug|Any CPU
		{E54A20A9-7346-4107-9709-7023AB7905D6}.Release|Any CPU.ActiveCfg = Release|Any CPU
		{E54A20A9-7346-4107-9709-7023AB7905D6}.Release|Any CPU.Build.0 = Release|Any CPU
		{1F24C664-6EE3-4B80-A8D2-461BA06A3B19}.Debug|Any CPU.ActiveCfg = Debug|Any CPU
		{1F24C664-6EE3-4B80-A8D2-461BA06A3B19}.Debug|Any CPU.Build.0 = Debug|Any CPU
		{1F24C664-6EE3-4B80-A8D2-461BA06A3B19}.Release|Any CPU.ActiveCfg = Release|Any CPU
		{1F24C664-6EE3-4B80-A8D2-461BA06A3B19}.Release|Any CPU.Build.0 = Release|Any CPU
		{4B4F5DFD-63AA-42A5-A6CB-E72AF824A5B7}.Debug|Any CPU.ActiveCfg = Debug|Any CPU
		{4B4F5DFD-63AA-42A5-A6CB-E72AF824A5B7}.Debug|Any CPU.Build.0 = Debug|Any CPU
		{4B4F5DFD-63AA-42A5-A6CB-E72AF824A5B7}.Release|Any CPU.ActiveCfg = Release|Any CPU
		{4B4F5DFD-63AA-42A5-A6CB-E72AF824A5B7}.Release|Any CPU.Build.0 = Release|Any CPU
	EndGlobalSection
	GlobalSection(SolutionProperties) = preSolution
		HideSolutionNode = FALSE
	EndGlobalSection
	GlobalSection(NestedProjects) = preSolution
		{532A3FC4-81FE-4821-931F-7C6231339255} = {8B8DF36F-97E4-42EC-83B5-565F3D054961}
		{A3030EC2-8410-4CFF-8136-197D062DF916} = {8B8DF36F-97E4-42EC-83B5-565F3D054961}
		{A76392AD-427D-482F-A841-794C811429C3} = {8B8DF36F-97E4-42EC-83B5-565F3D054961}
		{05C4A896-57D1-4B5B-AAF6-72C34DFC2F23} = {8B8DF36F-97E4-42EC-83B5-565F3D054961}
		{EBE2EA8C-6C8F-4BAB-A9E9-C0BED19E0718} = {532A3FC4-81FE-4821-931F-7C6231339255}
		{8CD47271-41CF-4EDF-9390-9639723822FA} = {EBE2EA8C-6C8F-4BAB-A9E9-C0BED19E0718}
		{D7F147DF-FD04-4677-BEE2-283ACF5FFB4A} = {A3030EC2-8410-4CFF-8136-197D062DF916}
		{422DFDD4-EEB6-4890-95B7-21BB640CD820} = {D7F147DF-FD04-4677-BEE2-283ACF5FFB4A}
		{B29488AB-ED22-403D-A378-754619B2278F} = {D7F147DF-FD04-4677-BEE2-283ACF5FFB4A}
		{41F963BC-BD7D-462A-8811-C19FC6404E90} = {D7F147DF-FD04-4677-BEE2-283ACF5FFB4A}
		{DF6701C0-C756-4019-88AF-B64742BCD3AA} = {D7F147DF-FD04-4677-BEE2-283ACF5FFB4A}
		{7933DB44-1ED8-4FA5-A16B-9A4D9966964B} = {05C4A896-57D1-4B5B-AAF6-72C34DFC2F23}
		{AB4657C2-5F47-488B-B3B8-CABB50BFAF13} = {7933DB44-1ED8-4FA5-A16B-9A4D9966964B}
		{F7BA3C40-7402-49F6-8372-39B78CD04BB7} = {A76392AD-427D-482F-A841-794C811429C3}
		{2C7E081B-218B-4F8E-BEDE-8739D106B53B} = {F7BA3C40-7402-49F6-8372-39B78CD04BB7}
		{2A927B50-7A69-4C00-8AB1-5D8AF94E5073} = {A76392AD-427D-482F-A841-794C811429C3}
		{85A9AB37-9489-401A-B4B7-A5843199075E} = {2A927B50-7A69-4C00-8AB1-5D8AF94E5073}
		{0B193609-0D66-4214-88ED-975BF7B97DBA} = {A76392AD-427D-482F-A841-794C811429C3}
		{FC010498-699A-46DC-98D5-76BFBD994529} = {0B193609-0D66-4214-88ED-975BF7B97DBA}
		{07E9055B-4632-4969-9257-F0757E627588} = {A76392AD-427D-482F-A841-794C811429C3}
		{701F40C7-565F-4264-AB29-DDABBA4E66A2} = {07E9055B-4632-4969-9257-F0757E627588}
		{24B7E1B6-A449-4ED0-B1A7-AA12434FE667} = {A76392AD-427D-482F-A841-794C811429C3}
		{1B6B942D-C0B9-4831-A5F6-C15F2BC27F8A} = {24B7E1B6-A449-4ED0-B1A7-AA12434FE667}
		{7F93E284-881D-4D62-AA6E-1ACA543D8556} = {24B7E1B6-A449-4ED0-B1A7-AA12434FE667}
		{E54A20A9-7346-4107-9709-7023AB7905D6} = {24B7E1B6-A449-4ED0-B1A7-AA12434FE667}
		{1F24C664-6EE3-4B80-A8D2-461BA06A3B19} = {24B7E1B6-A449-4ED0-B1A7-AA12434FE667}
		{498BB15D-DF56-4603-85E4-66C2EF5935E8} = {A76392AD-427D-482F-A841-794C811429C3}
		{4B4F5DFD-63AA-42A5-A6CB-E72AF824A5B7} = {498BB15D-DF56-4603-85E4-66C2EF5935E8}
	EndGlobalSection
	GlobalSection(ExtensibilityGlobals) = postSolution
		SolutionGuid = {725F6AD6-CB55-4146-832F-7CA4EF313B1B}
	EndGlobalSection
EndGlobal
